
Microsoft Visual Studio Solution File, Format Version 12.00
# Visual Studio Version 17
VisualStudioVersion = 17.2.32526.322
MinimumVisualStudioVersion = 10.0.40219.1
Project("{FAE04EC0-301F-11D3-BF4B-00C04F79EFBC}") = "FileMesh.Android", "FileMesh\FileMesh.Android\FileMesh.Android.csproj", "{1F962112-3681-49EF-8B91-E2ABBA8EA584}"
EndProject
Project("{FAE04EC0-301F-11D3-BF4B-00C04F79EFBC}") = "FileMesh.iOS", "FileMesh\FileMesh.iOS\FileMesh.iOS.csproj", "{45821F80-B50C-4280-88D0-AAF033C46F89}"
EndProject
Project("{9A19103F-16F7-4668-BE54-9A1E7A4F7556}") = "FileMesh", "FileMesh\FileMesh\FileMesh.csproj", "{57AC56FB-F7BA-4D4B-B195-14D0C25809BA}"
EndProject
Project("{9A19103F-16F7-4668-BE54-9A1E7A4F7556}") = "Draft", "Draft\Draft.csproj", "{3E4D5915-198E-4B02-81CF-566CDE574CE2}"
EndProject
Project("{9A19103F-16F7-4668-BE54-9A1E7A4F7556}") = "FileMatch", "FileMatch\FileMatch.csproj", "{A6B16F73-DA6B-4008-B451-B996F384935B}"
EndProject
Project("{9A19103F-16F7-4668-BE54-9A1E7A4F7556}") = "FileSystem", "FileSystem\FileSystem.csproj", "{B80D5B8E-8046-493D-A590-6715EDDB3CF1}"
EndProject
Project("{2150E333-8FDC-42A3-9474-1A3956D46DE8}") = "Application", "Application", "{87269253-D2CB-4A3E-A799-1477A743E067}"
EndProject
Project("{2150E333-8FDC-42A3-9474-1A3956D46DE8}") = "Test", "Test", "{FBB9E645-7F30-492E-877D-132624C6A8A3}"
EndProject
Project("{2150E333-8FDC-42A3-9474-1A3956D46DE8}") = "Targets", "Targets", "{F0EB90AE-72F3-46B8-B606-6652E93CE329}"
EndProject
Project("{FAE04EC0-301F-11D3-BF4B-00C04F79EFBC}") = "FileMesh.Windows", "FileMesh.Windows\FileMesh.Windows.csproj", "{AF09E5B2-47D5-4AFE-93B3-01F656BB65EC}"
EndProject
Global
	GlobalSection(SolutionConfigurationPlatforms) = preSolution
		Debug|Any CPU = Debug|Any CPU
		Debug|ARM = Debug|ARM
		Debug|ARM64 = Debug|ARM64
		Debug|iPhone = Debug|iPhone
		Debug|iPhoneSimulator = Debug|iPhoneSimulator
		Debug|x64 = Debug|x64
		Debug|x86 = Debug|x86
		Release|Any CPU = Release|Any CPU
		Release|ARM = Release|ARM
		Release|ARM64 = Release|ARM64
		Release|iPhone = Release|iPhone
		Release|iPhoneSimulator = Release|iPhoneSimulator
		Release|x64 = Release|x64
		Release|x86 = Release|x86
	EndGlobalSection
	GlobalSection(ProjectConfigurationPlatforms) = postSolution
		{1F962112-3681-49EF-8B91-E2ABBA8EA584}.Debug|Any CPU.ActiveCfg = Debug|Any CPU
		{1F962112-3681-49EF-8B91-E2ABBA8EA584}.Debug|Any CPU.Build.0 = Debug|Any CPU
		{1F962112-3681-49EF-8B91-E2ABBA8EA584}.Debug|Any CPU.Deploy.0 = Debug|Any CPU
		{1F962112-3681-49EF-8B91-E2ABBA8EA584}.Debug|ARM.ActiveCfg = Debug|Any CPU
		{1F962112-3681-49EF-8B91-E2ABBA8EA584}.Debug|ARM.Build.0 = Debug|Any CPU
		{1F962112-3681-49EF-8B91-E2ABBA8EA584}.Debug|ARM.Deploy.0 = Debug|Any CPU
		{1F962112-3681-49EF-8B91-E2ABBA8EA584}.Debug|ARM64.ActiveCfg = Debug|Any CPU
		{1F962112-3681-49EF-8B91-E2ABBA8EA584}.Debug|ARM64.Build.0 = Debug|Any CPU
		{1F962112-3681-49EF-8B91-E2ABBA8EA584}.Debug|ARM64.Deploy.0 = Debug|Any CPU
		{1F962112-3681-49EF-8B91-E2ABBA8EA584}.Debug|iPhone.ActiveCfg = Debug|Any CPU
		{1F962112-3681-49EF-8B91-E2ABBA8EA584}.Debug|iPhone.Build.0 = Debug|Any CPU
		{1F962112-3681-49EF-8B91-E2ABBA8EA584}.Debug|iPhone.Deploy.0 = Debug|Any CPU
		{1F962112-3681-49EF-8B91-E2ABBA8EA584}.Debug|iPhoneSimulator.ActiveCfg = Debug|Any CPU
		{1F962112-3681-49EF-8B91-E2ABBA8EA584}.Debug|iPhoneSimulator.Build.0 = Debug|Any CPU
		{1F962112-3681-49EF-8B91-E2ABBA8EA584}.Debug|iPhoneSimulator.Deploy.0 = Debug|Any CPU
		{1F962112-3681-49EF-8B91-E2ABBA8EA584}.Debug|x64.ActiveCfg = Debug|Any CPU
		{1F962112-3681-49EF-8B91-E2ABBA8EA584}.Debug|x64.Build.0 = Debug|Any CPU
		{1F962112-3681-49EF-8B91-E2ABBA8EA584}.Debug|x64.Deploy.0 = Debug|Any CPU
		{1F962112-3681-49EF-8B91-E2ABBA8EA584}.Debug|x86.ActiveCfg = Debug|Any CPU
		{1F962112-3681-49EF-8B91-E2ABBA8EA584}.Debug|x86.Build.0 = Debug|Any CPU
		{1F962112-3681-49EF-8B91-E2ABBA8EA584}.Debug|x86.Deploy.0 = Debug|Any CPU
		{1F962112-3681-49EF-8B91-E2ABBA8EA584}.Release|Any CPU.ActiveCfg = Release|Any CPU
		{1F962112-3681-49EF-8B91-E2ABBA8EA584}.Release|Any CPU.Build.0 = Release|Any CPU
		{1F962112-3681-49EF-8B91-E2ABBA8EA584}.Release|Any CPU.Deploy.0 = Release|Any CPU
		{1F962112-3681-49EF-8B91-E2ABBA8EA584}.Release|ARM.ActiveCfg = Release|Any CPU
		{1F962112-3681-49EF-8B91-E2ABBA8EA584}.Release|ARM.Build.0 = Release|Any CPU
		{1F962112-3681-49EF-8B91-E2ABBA8EA584}.Release|ARM.Deploy.0 = Release|Any CPU
		{1F962112-3681-49EF-8B91-E2ABBA8EA584}.Release|ARM64.ActiveCfg = Release|Any CPU
		{1F962112-3681-49EF-8B91-E2ABBA8EA584}.Release|ARM64.Build.0 = Release|Any CPU
		{1F962112-3681-49EF-8B91-E2ABBA8EA584}.Release|ARM64.Deploy.0 = Release|Any CPU
		{1F962112-3681-49EF-8B91-E2ABBA8EA584}.Release|iPhone.ActiveCfg = Release|Any CPU
		{1F962112-3681-49EF-8B91-E2ABBA8EA584}.Release|iPhone.Build.0 = Release|Any CPU
		{1F962112-3681-49EF-8B91-E2ABBA8EA584}.Release|iPhone.Deploy.0 = Release|Any CPU
		{1F962112-3681-49EF-8B91-E2ABBA8EA584}.Release|iPhoneSimulator.ActiveCfg = Release|Any CPU
		{1F962112-3681-49EF-8B91-E2ABBA8EA584}.Release|iPhoneSimulator.Build.0 = Release|Any CPU
		{1F962112-3681-49EF-8B91-E2ABBA8EA584}.Release|iPhoneSimulator.Deploy.0 = Release|Any CPU
		{1F962112-3681-49EF-8B91-E2ABBA8EA584}.Release|x64.ActiveCfg = Release|Any CPU
		{1F962112-3681-49EF-8B91-E2ABBA8EA584}.Release|x64.Build.0 = Release|Any CPU
		{1F962112-3681-49EF-8B91-E2ABBA8EA584}.Release|x64.Deploy.0 = Release|Any CPU
		{1F962112-3681-49EF-8B91-E2ABBA8EA584}.Release|x86.ActiveCfg = Release|Any CPU
		{1F962112-3681-49EF-8B91-E2ABBA8EA584}.Release|x86.Build.0 = Release|Any CPU
		{1F962112-3681-49EF-8B91-E2ABBA8EA584}.Release|x86.Deploy.0 = Release|Any CPU
		{45821F80-B50C-4280-88D0-AAF033C46F89}.Debug|Any CPU.ActiveCfg = Debug|iPhone
		{45821F80-B50C-4280-88D0-AAF033C46F89}.Debug|Any CPU.Build.0 = Debug|iPhone
		{45821F80-B50C-4280-88D0-AAF033C46F89}.Debug|Any CPU.Deploy.0 = Debug|iPhone
		{45821F80-B50C-4280-88D0-AAF033C46F89}.Debug|ARM.ActiveCfg = Debug|iPhoneSimulator
		{45821F80-B50C-4280-88D0-AAF033C46F89}.Debug|ARM.Build.0 = Debug|iPhoneSimulator
		{45821F80-B50C-4280-88D0-AAF033C46F89}.Debug|ARM64.ActiveCfg = Debug|iPhoneSimulator
		{45821F80-B50C-4280-88D0-AAF033C46F89}.Debug|ARM64.Build.0 = Debug|iPhoneSimulator
		{45821F80-B50C-4280-88D0-AAF033C46F89}.Debug|iPhone.ActiveCfg = Debug|iPhone
		{45821F80-B50C-4280-88D0-AAF033C46F89}.Debug|iPhone.Build.0 = Debug|iPhone
		{45821F80-B50C-4280-88D0-AAF033C46F89}.Debug|iPhone.Deploy.0 = Debug|iPhone
		{45821F80-B50C-4280-88D0-AAF033C46F89}.Debug|iPhoneSimulator.ActiveCfg = Debug|iPhoneSimulator
		{45821F80-B50C-4280-88D0-AAF033C46F89}.Debug|iPhoneSimulator.Build.0 = Debug|iPhoneSimulator
		{45821F80-B50C-4280-88D0-AAF033C46F89}.Debug|iPhoneSimulator.Deploy.0 = Debug|iPhoneSimulator
		{45821F80-B50C-4280-88D0-AAF033C46F89}.Debug|x64.ActiveCfg = Debug|iPhoneSimulator
		{45821F80-B50C-4280-88D0-AAF033C46F89}.Debug|x64.Build.0 = Debug|iPhoneSimulator
		{45821F80-B50C-4280-88D0-AAF033C46F89}.Debug|x86.ActiveCfg = Debug|iPhoneSimulator
		{45821F80-B50C-4280-88D0-AAF033C46F89}.Debug|x86.Build.0 = Debug|iPhoneSimulator
		{45821F80-B50C-4280-88D0-AAF033C46F89}.Release|Any CPU.ActiveCfg = Release|iPhoneSimulator
		{45821F80-B50C-4280-88D0-AAF033C46F89}.Release|Any CPU.Build.0 = Release|iPhoneSimulator
		{45821F80-B50C-4280-88D0-AAF033C46F89}.Release|Any CPU.Deploy.0 = Release|iPhoneSimulator
		{45821F80-B50C-4280-88D0-AAF033C46F89}.Release|ARM.ActiveCfg = Release|iPhone
		{45821F80-B50C-4280-88D0-AAF033C46F89}.Release|ARM.Build.0 = Release|iPhone
		{45821F80-B50C-4280-88D0-AAF033C46F89}.Release|ARM64.ActiveCfg = Release|iPhone
		{45821F80-B50C-4280-88D0-AAF033C46F89}.Release|ARM64.Build.0 = Release|iPhone
		{45821F80-B50C-4280-88D0-AAF033C46F89}.Release|iPhone.ActiveCfg = Release|iPhone
		{45821F80-B50C-4280-88D0-AAF033C46F89}.Release|iPhone.Build.0 = Release|iPhone
		{45821F80-B50C-4280-88D0-AAF033C46F89}.Release|iPhone.Deploy.0 = Release|iPhone
		{45821F80-B50C-4280-88D0-AAF033C46F89}.Release|iPhoneSimulator.ActiveCfg = Release|iPhoneSimulator
		{45821F80-B50C-4280-88D0-AAF033C46F89}.Release|iPhoneSimulator.Build.0 = Release|iPhoneSimulator
		{45821F80-B50C-4280-88D0-AAF033C46F89}.Release|iPhoneSimulator.Deploy.0 = Release|iPhoneSimulator
		{45821F80-B50C-4280-88D0-AAF033C46F89}.Release|x64.ActiveCfg = Release|iPhone
		{45821F80-B50C-4280-88D0-AAF033C46F89}.Release|x64.Build.0 = Release|iPhone
		{45821F80-B50C-4280-88D0-AAF033C46F89}.Release|x86.ActiveCfg = Release|iPhone
		{45821F80-B50C-4280-88D0-AAF033C46F89}.Release|x86.Build.0 = Release|iPhone
		{57AC56FB-F7BA-4D4B-B195-14D0C25809BA}.Debug|Any CPU.ActiveCfg = Debug|Any CPU
		{57AC56FB-F7BA-4D4B-B195-14D0C25809BA}.Debug|Any CPU.Build.0 = Debug|Any CPU
		{57AC56FB-F7BA-4D4B-B195-14D0C25809BA}.Debug|Any CPU.Deploy.0 = Debug|Any CPU
		{57AC56FB-F7BA-4D4B-B195-14D0C25809BA}.Debug|ARM.ActiveCfg = Debug|Any CPU
		{57AC56FB-F7BA-4D4B-B195-14D0C25809BA}.Debug|ARM.Build.0 = Debug|Any CPU
		{57AC56FB-F7BA-4D4B-B195-14D0C25809BA}.Debug|ARM64.ActiveCfg = Debug|Any CPU
		{57AC56FB-F7BA-4D4B-B195-14D0C25809BA}.Debug|ARM64.Build.0 = Debug|Any CPU
		{57AC56FB-F7BA-4D4B-B195-14D0C25809BA}.Debug|iPhone.ActiveCfg = Debug|Any CPU
		{57AC56FB-F7BA-4D4B-B195-14D0C25809BA}.Debug|iPhone.Build.0 = Debug|Any CPU
		{57AC56FB-F7BA-4D4B-B195-14D0C25809BA}.Debug|iPhone.Deploy.0 = Debug|Any CPU
		{57AC56FB-F7BA-4D4B-B195-14D0C25809BA}.Debug|iPhoneSimulator.ActiveCfg = Debug|Any CPU
		{57AC56FB-F7BA-4D4B-B195-14D0C25809BA}.Debug|iPhoneSimulator.Build.0 = Debug|Any CPU
		{57AC56FB-F7BA-4D4B-B195-14D0C25809BA}.Debug|iPhoneSimulator.Deploy.0 = Debug|Any CPU
		{57AC56FB-F7BA-4D4B-B195-14D0C25809BA}.Debug|x64.ActiveCfg = Debug|Any CPU
		{57AC56FB-F7BA-4D4B-B195-14D0C25809BA}.Debug|x64.Build.0 = Debug|Any CPU
		{57AC56FB-F7BA-4D4B-B195-14D0C25809BA}.Debug|x86.ActiveCfg = Debug|Any CPU
		{57AC56FB-F7BA-4D4B-B195-14D0C25809BA}.Debug|x86.Build.0 = Debug|Any CPU
		{57AC56FB-F7BA-4D4B-B195-14D0C25809BA}.Release|Any CPU.ActiveCfg = Release|Any CPU
		{57AC56FB-F7BA-4D4B-B195-14D0C25809BA}.Release|Any CPU.Build.0 = Release|Any CPU
		{57AC56FB-F7BA-4D4B-B195-14D0C25809BA}.Release|Any CPU.Deploy.0 = Release|Any CPU
		{57AC56FB-F7BA-4D4B-B195-14D0C25809BA}.Release|ARM.ActiveCfg = Release|Any CPU
		{57AC56FB-F7BA-4D4B-B195-14D0C25809BA}.Release|ARM.Build.0 = Release|Any CPU
		{57AC56FB-F7BA-4D4B-B195-14D0C25809BA}.Release|ARM64.ActiveCfg = Release|Any CPU
		{57AC56FB-F7BA-4D4B-B195-14D0C25809BA}.Release|ARM64.Build.0 = Release|Any CPU
		{57AC56FB-F7BA-4D4B-B195-14D0C25809BA}.Release|iPhone.ActiveCfg = Release|Any CPU
		{57AC56FB-F7BA-4D4B-B195-14D0C25809BA}.Release|iPhone.Build.0 = Release|Any CPU
		{57AC56FB-F7BA-4D4B-B195-14D0C25809BA}.Release|iPhone.Deploy.0 = Release|Any CPU
		{57AC56FB-F7BA-4D4B-B195-14D0C25809BA}.Release|iPhoneSimulator.ActiveCfg = Release|Any CPU
		{57AC56FB-F7BA-4D4B-B195-14D0C25809BA}.Release|iPhoneSimulator.Build.0 = Release|Any CPU
		{57AC56FB-F7BA-4D4B-B195-14D0C25809BA}.Release|iPhoneSimulator.Deploy.0 = Release|Any CPU
		{57AC56FB-F7BA-4D4B-B195-14D0C25809BA}.Release|x64.ActiveCfg = Release|Any CPU
		{57AC56FB-F7BA-4D4B-B195-14D0C25809BA}.Release|x64.Build.0 = Release|Any CPU
		{57AC56FB-F7BA-4D4B-B195-14D0C25809BA}.Release|x86.ActiveCfg = Release|Any CPU
		{57AC56FB-F7BA-4D4B-B195-14D0C25809BA}.Release|x86.Build.0 = Release|Any CPU
		{3E4D5915-198E-4B02-81CF-566CDE574CE2}.Debug|Any CPU.ActiveCfg = Debug|Any CPU
		{3E4D5915-198E-4B02-81CF-566CDE574CE2}.Debug|Any CPU.Build.0 = Debug|Any CPU
		{3E4D5915-198E-4B02-81CF-566CDE574CE2}.Debug|ARM.ActiveCfg = Debug|Any CPU
		{3E4D5915-198E-4B02-81CF-566CDE574CE2}.Debug|ARM.Build.0 = Debug|Any CPU
		{3E4D5915-198E-4B02-81CF-566CDE574CE2}.Debug|ARM64.ActiveCfg = Debug|Any CPU
		{3E4D5915-198E-4B02-81CF-566CDE574CE2}.Debug|ARM64.Build.0 = Debug|Any CPU
		{3E4D5915-198E-4B02-81CF-566CDE574CE2}.Debug|iPhone.ActiveCfg = Debug|Any CPU
		{3E4D5915-198E-4B02-81CF-566CDE574CE2}.Debug|iPhone.Build.0 = Debug|Any CPU
		{3E4D5915-198E-4B02-81CF-566CDE574CE2}.Debug|iPhoneSimulator.ActiveCfg = Debug|Any CPU
		{3E4D5915-198E-4B02-81CF-566CDE574CE2}.Debug|iPhoneSimulator.Build.0 = Debug|Any CPU
		{3E4D5915-198E-4B02-81CF-566CDE574CE2}.Debug|x64.ActiveCfg = Debug|Any CPU
		{3E4D5915-198E-4B02-81CF-566CDE574CE2}.Debug|x64.Build.0 = Debug|Any CPU
		{3E4D5915-198E-4B02-81CF-566CDE574CE2}.Debug|x86.ActiveCfg = Debug|Any CPU
		{3E4D5915-198E-4B02-81CF-566CDE574CE2}.Debug|x86.Build.0 = Debug|Any CPU
		{3E4D5915-198E-4B02-81CF-566CDE574CE2}.Release|Any CPU.ActiveCfg = Release|Any CPU
		{3E4D5915-198E-4B02-81CF-566CDE574CE2}.Release|Any CPU.Build.0 = Release|Any CPU
		{3E4D5915-198E-4B02-81CF-566CDE574CE2}.Release|ARM.ActiveCfg = Release|Any CPU
		{3E4D5915-198E-4B02-81CF-566CDE574CE2}.Release|ARM.Build.0 = Release|Any CPU
		{3E4D5915-198E-4B02-81CF-566CDE574CE2}.Release|ARM64.ActiveCfg = Release|Any CPU
		{3E4D5915-198E-4B02-81CF-566CDE574CE2}.Release|ARM64.Build.0 = Release|Any CPU
		{3E4D5915-198E-4B02-81CF-566CDE574CE2}.Release|iPhone.ActiveCfg = Release|Any CPU
		{3E4D5915-198E-4B02-81CF-566CDE574CE2}.Release|iPhone.Build.0 = Release|Any CPU
		{3E4D5915-198E-4B02-81CF-566CDE574CE2}.Release|iPhoneSimulator.ActiveCfg = Release|Any CPU
		{3E4D5915-198E-4B02-81CF-566CDE574CE2}.Release|iPhoneSimulator.Build.0 = Release|Any CPU
		{3E4D5915-198E-4B02-81CF-566CDE574CE2}.Release|x64.ActiveCfg = Release|Any CPU
		{3E4D5915-198E-4B02-81CF-566CDE574CE2}.Release|x64.Build.0 = Release|Any CPU
		{3E4D5915-198E-4B02-81CF-566CDE574CE2}.Release|x86.ActiveCfg = Release|Any CPU
		{3E4D5915-198E-4B02-81CF-566CDE574CE2}.Release|x86.Build.0 = Release|Any CPU
		{A6B16F73-DA6B-4008-B451-B996F384935B}.Debug|Any CPU.ActiveCfg = Debug|Any CPU
		{A6B16F73-DA6B-4008-B451-B996F384935B}.Debug|Any CPU.Build.0 = Debug|Any CPU
		{A6B16F73-DA6B-4008-B451-B996F384935B}.Debug|ARM.ActiveCfg = Debug|Any CPU
		{A6B16F73-DA6B-4008-B451-B996F384935B}.Debug|ARM.Build.0 = Debug|Any CPU
		{A6B16F73-DA6B-4008-B451-B996F384935B}.Debug|ARM64.ActiveCfg = Debug|Any CPU
		{A6B16F73-DA6B-4008-B451-B996F384935B}.Debug|ARM64.Build.0 = Debug|Any CPU
		{A6B16F73-DA6B-4008-B451-B996F384935B}.Debug|iPhone.ActiveCfg = Debug|Any CPU
		{A6B16F73-DA6B-4008-B451-B996F384935B}.Debug|iPhone.Build.0 = Debug|Any CPU
		{A6B16F73-DA6B-4008-B451-B996F384935B}.Debug|iPhoneSimulator.ActiveCfg = Debug|Any CPU
		{A6B16F73-DA6B-4008-B451-B996F384935B}.Debug|iPhoneSimulator.Build.0 = Debug|Any CPU
		{A6B16F73-DA6B-4008-B451-B996F384935B}.Debug|x64.ActiveCfg = Debug|Any CPU
		{A6B16F73-DA6B-4008-B451-B996F384935B}.Debug|x64.Build.0 = Debug|Any CPU
		{A6B16F73-DA6B-4008-B451-B996F384935B}.Debug|x86.ActiveCfg = Debug|Any CPU
		{A6B16F73-DA6B-4008-B451-B996F384935B}.Debug|x86.Build.0 = Debug|Any CPU
		{A6B16F73-DA6B-4008-B451-B996F384935B}.Release|Any CPU.ActiveCfg = Release|Any CPU
		{A6B16F73-DA6B-4008-B451-B996F384935B}.Release|Any CPU.Build.0 = Release|Any CPU
		{A6B16F73-DA6B-4008-B451-B996F384935B}.Release|ARM.ActiveCfg = Release|Any CPU
		{A6B16F73-DA6B-4008-B451-B996F384935B}.Release|ARM.Build.0 = Release|Any CPU
		{A6B16F73-DA6B-4008-B451-B996F384935B}.Release|ARM64.ActiveCfg = Release|Any CPU
		{A6B16F73-DA6B-4008-B451-B996F384935B}.Release|ARM64.Build.0 = Release|Any CPU
		{A6B16F73-DA6B-4008-B451-B996F384935B}.Release|iPhone.ActiveCfg = Release|Any CPU
		{A6B16F73-DA6B-4008-B451-B996F384935B}.Release|iPhone.Build.0 = Release|Any CPU
		{A6B16F73-DA6B-4008-B451-B996F384935B}.Release|iPhoneSimulator.ActiveCfg = Release|Any CPU
		{A6B16F73-DA6B-4008-B451-B996F384935B}.Release|iPhoneSimulator.Build.0 = Release|Any CPU
		{A6B16F73-DA6B-4008-B451-B996F384935B}.Release|x64.ActiveCfg = Release|Any CPU
		{A6B16F73-DA6B-4008-B451-B996F384935B}.Release|x64.Build.0 = Release|Any CPU
		{A6B16F73-DA6B-4008-B451-B996F384935B}.Release|x86.ActiveCfg = Release|Any CPU
		{A6B16F73-DA6B-4008-B451-B996F384935B}.Release|x86.Build.0 = Release|Any CPU
		{B80D5B8E-8046-493D-A590-6715EDDB3CF1}.Debug|Any CPU.ActiveCfg = Debug|Any CPU
		{B80D5B8E-8046-493D-A590-6715EDDB3CF1}.Debug|Any CPU.Build.0 = Debug|Any CPU
		{B80D5B8E-8046-493D-A590-6715EDDB3CF1}.Debug|ARM.ActiveCfg = Debug|Any CPU
		{B80D5B8E-8046-493D-A590-6715EDDB3CF1}.Debug|ARM.Build.0 = Debug|Any CPU
		{B80D5B8E-8046-493D-A590-6715EDDB3CF1}.Debug|ARM64.ActiveCfg = Debug|Any CPU
		{B80D5B8E-8046-493D-A590-6715EDDB3CF1}.Debug|ARM64.Build.0 = Debug|Any CPU
		{B80D5B8E-8046-493D-A590-6715EDDB3CF1}.Debug|iPhone.ActiveCfg = Debug|Any CPU
		{B80D5B8E-8046-493D-A590-6715EDDB3CF1}.Debug|iPhone.Build.0 = Debug|Any CPU
		{B80D5B8E-8046-493D-A590-6715EDDB3CF1}.Debug|iPhoneSimulator.ActiveCfg = Debug|Any CPU
		{B80D5B8E-8046-493D-A590-6715EDDB3CF1}.Debug|iPhoneSimulator.Build.0 = Debug|Any CPU
		{B80D5B8E-8046-493D-A590-6715EDDB3CF1}.Debug|x64.ActiveCfg = Debug|Any CPU
		{B80D5B8E-8046-493D-A590-6715EDDB3CF1}.Debug|x64.Build.0 = Debug|Any CPU
		{B80D5B8E-8046-493D-A590-6715EDDB3CF1}.Debug|x86.ActiveCfg = Debug|Any CPU
		{B80D5B8E-8046-493D-A590-6715EDDB3CF1}.Debug|x86.Build.0 = Debug|Any CPU
		{B80D5B8E-8046-493D-A590-6715EDDB3CF1}.Release|Any CPU.ActiveCfg = Release|Any CPU
		{B80D5B8E-8046-493D-A590-6715EDDB3CF1}.Release|Any CPU.Build.0 = Release|Any CPU
		{B80D5B8E-8046-493D-A590-6715EDDB3CF1}.Release|ARM.ActiveCfg = Release|Any CPU
		{B80D5B8E-8046-493D-A590-6715EDDB3CF1}.Release|ARM.Build.0 = Release|Any CPU
		{B80D5B8E-8046-493D-A590-6715EDDB3CF1}.Release|ARM64.ActiveCfg = Release|Any CPU
		{B80D5B8E-8046-493D-A590-6715EDDB3CF1}.Release|ARM64.Build.0 = Release|Any CPU
		{B80D5B8E-8046-493D-A590-6715EDDB3CF1}.Release|iPhone.ActiveCfg = Release|Any CPU
		{B80D5B8E-8046-493D-A590-6715EDDB3CF1}.Release|iPhone.Build.0 = Release|Any CPU
		{B80D5B8E-8046-493D-A590-6715EDDB3CF1}.Release|iPhoneSimulator.ActiveCfg = Release|Any CPU
		{B80D5B8E-8046-493D-A590-6715EDDB3CF1}.Release|iPhoneSimulator.Build.0 = Release|Any CPU
		{B80D5B8E-8046-493D-A590-6715EDDB3CF1}.Release|x64.ActiveCfg = Release|Any CPU
		{B80D5B8E-8046-493D-A590-6715EDDB3CF1}.Release|x64.Build.0 = Release|Any CPU
		{B80D5B8E-8046-493D-A590-6715EDDB3CF1}.Release|x86.ActiveCfg = Release|Any CPU
		{B80D5B8E-8046-493D-A590-6715EDDB3CF1}.Release|x86.Build.0 = Release|Any CPU
		{AF09E5B2-47D5-4AFE-93B3-01F656BB65EC}.Debug|Any CPU.ActiveCfg = Debug|x64
		{AF09E5B2-47D5-4AFE-93B3-01F656BB65EC}.Debug|Any CPU.Build.0 = Debug|x64
		{AF09E5B2-47D5-4AFE-93B3-01F656BB65EC}.Debug|Any CPU.Deploy.0 = Debug|x64
		{AF09E5B2-47D5-4AFE-93B3-01F656BB65EC}.Debug|ARM.ActiveCfg = Debug|ARM
		{AF09E5B2-47D5-4AFE-93B3-01F656BB65EC}.Debug|ARM.Build.0 = Debug|ARM
		{AF09E5B2-47D5-4AFE-93B3-01F656BB65EC}.Debug|ARM.Deploy.0 = Debug|ARM
		{AF09E5B2-47D5-4AFE-93B3-01F656BB65EC}.Debug|ARM64.ActiveCfg = Debug|ARM64
		{AF09E5B2-47D5-4AFE-93B3-01F656BB65EC}.Debug|ARM64.Build.0 = Debug|ARM64
		{AF09E5B2-47D5-4AFE-93B3-01F656BB65EC}.Debug|ARM64.Deploy.0 = Debug|ARM64
		{AF09E5B2-47D5-4AFE-93B3-01F656BB65EC}.Debug|iPhone.ActiveCfg = Debug|x64
		{AF09E5B2-47D5-4AFE-93B3-01F656BB65EC}.Debug|iPhone.Build.0 = Debug|x64
		{AF09E5B2-47D5-4AFE-93B3-01F656BB65EC}.Debug|iPhone.Deploy.0 = Debug|x64
		{AF09E5B2-47D5-4AFE-93B3-01F656BB65EC}.Debug|iPhoneSimulator.ActiveCfg = Debug|x64
		{AF09E5B2-47D5-4AFE-93B3-01F656BB65EC}.Debug|iPhoneSimulator.Build.0 = Debug|x64
		{AF09E5B2-47D5-4AFE-93B3-01F656BB65EC}.Debug|iPhoneSimulator.Deploy.0 = Debug|x64
		{AF09E5B2-47D5-4AFE-93B3-01F656BB65EC}.Debug|x64.ActiveCfg = Debug|x64
		{AF09E5B2-47D5-4AFE-93B3-01F656BB65EC}.Debug|x64.Build.0 = Debug|x64
		{AF09E5B2-47D5-4AFE-93B3-01F656BB65EC}.Debug|x64.Deploy.0 = Debug|x64
		{AF09E5B2-47D5-4AFE-93B3-01F656BB65EC}.Debug|x86.ActiveCfg = Debug|x86
		{AF09E5B2-47D5-4AFE-93B3-01F656BB65EC}.Debug|x86.Build.0 = Debug|x86
		{AF09E5B2-47D5-4AFE-93B3-01F656BB65EC}.Debug|x86.Deploy.0 = Debug|x86
		{AF09E5B2-47D5-4AFE-93B3-01F656BB65EC}.Release|Any CPU.ActiveCfg = Release|x64
		{AF09E5B2-47D5-4AFE-93B3-01F656BB65EC}.Release|Any CPU.Build.0 = Release|x64
		{AF09E5B2-47D5-4AFE-93B3-01F656BB65EC}.Release|Any CPU.Deploy.0 = Release|x64
		{AF09E5B2-47D5-4AFE-93B3-01F656BB65EC}.Release|ARM.ActiveCfg = Release|ARM
		{AF09E5B2-47D5-4AFE-93B3-01F656BB65EC}.Release|ARM.Build.0 = Release|ARM
		{AF09E5B2-47D5-4AFE-93B3-01F656BB65EC}.Release|ARM.Deploy.0 = Release|ARM
		{AF09E5B2-47D5-4AFE-93B3-01F656BB65EC}.Release|ARM64.ActiveCfg = Release|ARM64
		{AF09E5B2-47D5-4AFE-93B3-01F656BB65EC}.Release|ARM64.Build.0 = Release|ARM64
		{AF09E5B2-47D5-4AFE-93B3-01F656BB65EC}.Release|ARM64.Deploy.0 = Release|ARM64
		{AF09E5B2-47D5-4AFE-93B3-01F656BB65EC}.Release|iPhone.ActiveCfg = Release|x64
		{AF09E5B2-47D5-4AFE-93B3-01F656BB65EC}.Release|iPhone.Build.0 = Release|x64
		{AF09E5B2-47D5-4AFE-93B3-01F656BB65EC}.Release|iPhone.Deploy.0 = Release|x64
		{AF09E5B2-47D5-4AFE-93B3-01F656BB65EC}.Release|iPhoneSimulator.ActiveCfg = Release|x64
		{AF09E5B2-47D5-4AFE-93B3-01F656BB65EC}.Release|iPhoneSimulator.Build.0 = Release|x64
		{AF09E5B2-47D5-4AFE-93B3-01F656BB65EC}.Release|iPhoneSimulator.Deploy.0 = Release|x64
		{AF09E5B2-47D5-4AFE-93B3-01F656BB65EC}.Release|x64.ActiveCfg = Release|x64
		{AF09E5B2-47D5-4AFE-93B3-01F656BB65EC}.Release|x64.Build.0 = Release|x64
		{AF09E5B2-47D5-4AFE-93B3-01F656BB65EC}.Release|x64.Deploy.0 = Release|x64
		{AF09E5B2-47D5-4AFE-93B3-01F656BB65EC}.Release|x86.ActiveCfg = Release|x86
		{AF09E5B2-47D5-4AFE-93B3-01F656BB65EC}.Release|x86.Build.0 = Release|x86
		{AF09E5B2-47D5-4AFE-93B3-01F656BB65EC}.Release|x86.Deploy.0 = Release|x86
	EndGlobalSection
	GlobalSection(SolutionProperties) = preSolution
		HideSolutionNode = FALSE
	EndGlobalSection
	GlobalSection(NestedProjects) = preSolution
		{1F962112-3681-49EF-8B91-E2ABBA8EA584} = {F0EB90AE-72F3-46B8-B606-6652E93CE329}
		{45821F80-B50C-4280-88D0-AAF033C46F89} = {F0EB90AE-72F3-46B8-B606-6652E93CE329}
		{3E4D5915-198E-4B02-81CF-566CDE574CE2} = {FBB9E645-7F30-492E-877D-132624C6A8A3}
		{A6B16F73-DA6B-4008-B451-B996F384935B} = {87269253-D2CB-4A3E-A799-1477A743E067}
		{B80D5B8E-8046-493D-A590-6715EDDB3CF1} = {87269253-D2CB-4A3E-A799-1477A743E067}
		{AF09E5B2-47D5-4AFE-93B3-01F656BB65EC} = {F0EB90AE-72F3-46B8-B606-6652E93CE329}
	EndGlobalSection
	GlobalSection(ExtensibilityGlobals) = postSolution
		SolutionGuid = {92CB91E7-08DB-47AB-87C3-0A06A5929D03}
	EndGlobalSection
EndGlobal
